
Microsoft Visual Studio Solution File, Format Version 12.00
# Visual Studio Version 17
VisualStudioVersion = 17.0.31903.59
MinimumVisualStudioVersion = 10.0.40219.1
Project("{FAE04EC0-301F-11D3-BF4B-00C04F79EFBC}") = "RateMySetup", "RateMySetup\RateMySetup.csproj", "{FCBB5B71-1734-4DF0-83EC-A23437113470}"
EndProject
Project("{FAE04EC0-301F-11D3-BF4B-00C04F79EFBC}") = "Tests", "Tests\Tests.csproj", "{D5C8D5EC-796F-4BB1-95F9-45CD2C1C553B}"
EndProject
Global
	GlobalSection(SolutionConfigurationPlatforms) = preSolution
		Debug|Any CPU = Debug|Any CPU
		Release|Any CPU = Release|Any CPU
	EndGlobalSection
	GlobalSection(SolutionProperties) = preSolution
		HideSolutionNode = FALSE
	EndGlobalSection
	GlobalSection(ProjectConfigurationPlatforms) = postSolution
		{FCBB5B71-1734-4DF0-83EC-A23437113470}.Debug|Any CPU.ActiveCfg = Debug|Any CPU
		{FCBB5B71-1734-4DF0-83EC-A23437113470}.Debug|Any CPU.Build.0 = Debug|Any CPU
		{FCBB5B71-1734-4DF0-83EC-A23437113470}.Release|Any CPU.ActiveCfg = Release|Any CPU
		{FCBB5B71-1734-4DF0-83EC-A23437113470}.Release|Any CPU.Build.0 = Release|Any CPU
		{D5C8D5EC-796F-4BB1-95F9-45CD2C1C553B}.Debug|Any CPU.ActiveCfg = Debug|Any CPU
		{D5C8D5EC-796F-4BB1-95F9-45CD2C1C553B}.Debug|Any CPU.Build.0 = Debug|Any CPU
		{D5C8D5EC-796F-4BB1-95F9-45CD2C1C553B}.Release|Any CPU.ActiveCfg = Release|Any CPU
		{D5C8D5EC-796F-4BB1-95F9-45CD2C1C553B}.Release|Any CPU.Build.0 = Release|Any CPU
	EndGlobalSection
EndGlobal
